<?xml version="1.0" encoding="utf-8"?>
<Project ToolsVersion="4.0" xmlns="http://schemas.microsoft.com/developer/msbuild/2003">
  <ItemGroup>
    <Filter Include="소스 파일">
      <UniqueIdentifier>{4FC737F1-C7A5-4376-A066-2A32D752A2FF}</UniqueIdentifier>
      <Extensions>cpp;c;cc;cxx;c++;cppm;ixx;def;odl;idl;hpj;bat;asm;asmx</Extensions>
    </Filter>
    <Filter Include="헤더 파일">
      <UniqueIdentifier>{93995380-89BD-4B04-88EB-625FBE52EBFB}</UniqueIdentifier>
      <Extensions>h;hh;hpp;hxx;h++;hm;inl;inc;ipp;xsd</Extensions>
    </Filter>
    <Filter Include="리소스 파일">
      <UniqueIdentifier>{67DA6AB6-F800-4C08-8B7A-83BB121AAD01}</UniqueIdentifier>
      <Extensions>rc;ico;cur;bmp;dlg;rc2;rct;bin;rgs;gif;jpg;jpeg;jpe;resx;tiff;tif;png;wav;mfcribbon-ms</Extensions>
    </Filter>
    <Filter Include="소스 파일\Core">
      <UniqueIdentifier>{A1010001-1C01-4001-9001-000000000001}</UniqueIdentifier>
    </Filter>
    <Filter Include="소스 파일\Battle">
      <UniqueIdentifier>{A1010002-1C01-4001-9001-000000000002}</UniqueIdentifier>
    </Filter>
    <Filter Include="소스 파일\Item">
      <UniqueIdentifier>{A1010003-1C01-4001-9001-000000000003}</UniqueIdentifier>
    </Filter>
    <Filter Include="소스 파일\Inventory">
      <UniqueIdentifier>{A1010004-1C01-4001-9001-000000000004}</UniqueIdentifier>
    </Filter>
    <Filter Include="소스 파일\Player">
      <UniqueIdentifier>{A1010005-1C01-4001-9001-000000000005}</UniqueIdentifier>
    </Filter>
    <Filter Include="소스 파일\Monster">
      <UniqueIdentifier>{A1010006-1C01-4001-9001-000000000006}</UniqueIdentifier>
    </Filter>
    <Filter Include="소스 파일\Shop">
      <UniqueIdentifier>{A1010007-1C01-4001-9001-000000000007}</UniqueIdentifier>
    </Filter>
    <Filter Include="소스 파일\Screen">
      <UniqueIdentifier>{A1010008-1C01-4001-9001-000000000008}</UniqueIdentifier>
    </Filter>
    <Filter Include="소스 파일\AA">
      <UniqueIdentifier>{A1010009-1C01-4001-9001-000000000009}</UniqueIdentifier>
    </Filter>
    <Filter Include="소스 파일\Utility">
      <UniqueIdentifier>{A1010010-1C01-4001-9001-000000000010}</UniqueIdentifier>
    </Filter>
    <Filter Include="헤더 파일\Battle">
      <UniqueIdentifier>{A1020002-1C01-4001-9001-000000000002}</UniqueIdentifier>
    </Filter>
    <Filter Include="헤더 파일\Item">
      <UniqueIdentifier>{A1020003-1C01-4001-9001-000000000003}</UniqueIdentifier>
    </Filter>
    <Filter Include="헤더 파일\Inventory">
      <UniqueIdentifier>{A1020004-1C01-4001-9001-000000000004}</UniqueIdentifier>
    </Filter>
    <Filter Include="헤더 파일\Player">
      <UniqueIdentifier>{A1020005-1C01-4001-9001-000000000005}</UniqueIdentifier>
    </Filter>
    <Filter Include="헤더 파일\Monster">
      <UniqueIdentifier>{A1020006-1C01-4001-9001-000000000006}</UniqueIdentifier>
    </Filter>
    <Filter Include="헤더 파일\Shop">
      <UniqueIdentifier>{A1020007-1C01-4001-9001-000000000007}</UniqueIdentifier>
    </Filter>
    <Filter Include="헤더 파일\Screen">
      <UniqueIdentifier>{A1020008-1C01-4001-9001-000000000008}</UniqueIdentifier>
    </Filter>
    <Filter Include="헤더 파일\AA">
      <UniqueIdentifier>{A1020009-1C01-4001-9001-000000000009}</UniqueIdentifier>
    </Filter>
    <Filter Include="헤더 파일\Utility">
      <UniqueIdentifier>{A1020010-1C01-4001-9001-000000000010}</UniqueIdentifier>
    </Filter>
    <Filter Include="리소스 파일\설정">
      <UniqueIdentifier>{A1030001-1C01-4001-9001-000000000001}</UniqueIdentifier>
    </Filter>
    <Filter Include="소스 파일\Sound">
      <UniqueIdentifier>{db23da72-197e-44c2-b63a-e08b82ab2729}</UniqueIdentifier>
    </Filter>
    <Filter Include="헤더 파일\Sound">
      <UniqueIdentifier>{e1cba46b-208a-4376-ae51-f7864ee00f6a}</UniqueIdentifier>
    </Filter>
  </ItemGroup>
  <ItemGroup>
    <ClCompile Include="main.cpp">
      <Filter>소스 파일\Core</Filter>
    </ClCompile>
    <ClCompile Include="BattleManager.cpp">
      <Filter>소스 파일\Battle</Filter>
    </ClCompile>
    <ClCompile Include="MonsterPool.cpp">
      <Filter>소스 파일\Battle</Filter>
    </ClCompile>
    <ClCompile Include="Item.cpp">
      <Filter>소스 파일\Item</Filter>
    </ClCompile>
    <ClCompile Include="ItemUseHandler.cpp">
      <Filter>소스 파일\Item</Filter>
    </ClCompile>
    <ClCompile Include="Inventory.cpp">
      <Filter>소스 파일\Inventory</Filter>
    </ClCompile>
    <ClCompile Include="InventorySlot.cpp">
      <Filter>소스 파일\Inventory</Filter>
    </ClCompile>
    <ClCompile Include="Player.cpp">
      <Filter>소스 파일\Player</Filter>
    </ClCompile>
    <ClCompile Include="Warrior.cpp">
      <Filter>소스 파일\Player</Filter>
    </ClCompile>
    <ClCompile Include="Mage.cpp">
      <Filter>소스 파일\Player</Filter>
    </ClCompile>
    <ClCompile Include="Tank.cpp">
      <Filter>소스 파일\Player</Filter>
    </ClCompile>
    <ClCompile Include="Monster.cpp">
      <Filter>소스 파일\Monster</Filter>
    </ClCompile>
    <ClCompile Include="ShopManager.cpp">
      <Filter>소스 파일\Shop</Filter>
    </ClCompile>
    <ClCompile Include="StartScreen.cpp">
      <Filter>소스 파일\Screen</Filter>
    </ClCompile>
    <ClCompile Include="ShopScreen.cpp">
      <Filter>소스 파일\Screen</Filter>
    </ClCompile>
    <ClCompile Include="GameClearScreen.cpp">
      <Filter>소스 파일\Screen</Filter>
    </ClCompile>
    <ClCompile Include="AsciiArt\AsciiBattleDemo.cpp">
      <Filter>소스 파일\AA</Filter>
    </ClCompile>
    <ClCompile Include="AsciiArt\AsciiBattleBridge.cpp">
      <Filter>소스 파일\AA</Filter>
    </ClCompile>
    <ClCompile Include="RpgLogger.cpp">
      <Filter>소스 파일\Utility</Filter>
    </ClCompile>
    <ClCompile Include="SoundManager.cpp">
      <Filter>소스 파일\Sound</Filter>
    </ClCompile>
  </ItemGroup>
  <ItemGroup>
    <ClInclude Include="BattleManager.h">
      <Filter>헤더 파일\Battle</Filter>
    </ClInclude>
    <ClInclude Include="MonsterPool.h">
      <Filter>헤더 파일\Battle</Filter>
    </ClInclude>
    <ClInclude Include="Item.h">
      <Filter>헤더 파일\Item</Filter>
    </ClInclude>
    <ClInclude Include="ItemUseHandler.h">
      <Filter>헤더 파일\Item</Filter>
    </ClInclude>
    <ClInclude Include="Inventory.h">
      <Filter>헤더 파일\Inventory</Filter>
    </ClInclude>
    <ClInclude Include="InventorySlot.h">
      <Filter>헤더 파일\Inventory</Filter>
    </ClInclude>
    <ClInclude Include="Player.h">
      <Filter>헤더 파일\Player</Filter>
    </ClInclude>
    <ClInclude Include="Warrior.h">
      <Filter>헤더 파일\Player</Filter>
    </ClInclude>
    <ClInclude Include="Mage.h">
      <Filter>헤더 파일\Player</Filter>
    </ClInclude>
    <ClInclude Include="Tank.h">
      <Filter>헤더 파일\Player</Filter>
    </ClInclude>
    <ClInclude Include="Monster.h">
      <Filter>헤더 파일\Monster</Filter>
    </ClInclude>
    <ClInclude Include="FMonsterData.h">
      <Filter>헤더 파일\Monster</Filter>
    </ClInclude>
    <ClInclude Include="ShopManager.h">
      <Filter>헤더 파일\Shop</Filter>
    </ClInclude>
    <ClInclude Include="StartScreen.h">
      <Filter>헤더 파일\Screen</Filter>
    </ClInclude>
    <ClInclude Include="ShopScreen.h">
      <Filter>헤더 파일\Screen</Filter>
    </ClInclude>
    <ClInclude Include="GameClearScreen.h">
      <Filter>헤더 파일\Screen</Filter>
    </ClInclude>
    <ClInclude Include="AsciiArt\AsciiBattleDemo.h">
      <Filter>헤더 파일\AA</Filter>
    </ClInclude>
    <ClInclude Include="AsciiArt\AsciiBattleBridge.h">
      <Filter>헤더 파일\AA</Filter>
    </ClInclude>
    <ClInclude Include="AsciiArt\AsciiBattleScene.h">
      <Filter>헤더 파일\AA</Filter>
    </ClInclude>
    <ClInclude Include="AsciiArt\SceneConfig.h">
      <Filter>헤더 파일\AA</Filter>
    </ClInclude>
    <ClInclude Include="RpgLogger.h">
      <Filter>헤더 파일\Utility</Filter>
    </ClInclude>
    <ClInclude Include="SoundManager.h">
      <Filter>헤더 파일\Sound</Filter>
    </ClInclude>
  </ItemGroup>
  <ItemGroup>
    <None Include="SceneConfig.jsonc">
      <Filter>리소스 파일\설정</Filter>
    </None>
    <None Include=".clang-format">
      <Filter>리소스 파일\설정</Filter>
    </None>
  </ItemGroup>
  <ItemGroup>
    <Media Include="..\..\..\..\Downloads\intro.wav" />
    <Media Include="assets\charity-shop.wav">
      <Filter>리소스 파일</Filter>
    </Media>
    <Media Include="assets\intro.wav">
      <Filter>리소스 파일</Filter>
    </Media>
  </ItemGroup>
</Project>