<?xml version="1.0" encoding="utf-8"?>
<Project ToolsVersion="4.0" xmlns="http://schemas.microsoft.com/developer/msbuild/2003">
  <ItemGroup>
    <Filter Include="소스 파일">
      <UniqueIdentifier>{4FC737F1-C7A5-4376-A066-2A32D752A2FF}</UniqueIdentifier>
      <Extensions>cpp;c;cc;cxx;c++;cppm;ixx;def;odl;idl;hpj;bat;asm;asmx</Extensions>
    </Filter>
    <Filter Include="헤더 파일">
      <UniqueIdentifier>{93995380-89BD-4b04-88EB-625FBE52EBFB}</UniqueIdentifier>
      <Extensions>h;hh;hpp;hxx;h++;hm;inl;inc;ipp;xsd</Extensions>
    </Filter>
    <Filter Include="리소스 파일">
      <UniqueIdentifier>{67DA6AB6-F800-4c08-8B7A-83BB121AAD01}</UniqueIdentifier>
      <Extensions>rc;ico;cur;bmp;dlg;rc2;rct;bin;rgs;gif;jpg;jpeg;jpe;resx;tiff;tif;png;wav;mfcribbon-ms</Extensions>
    </Filter>
    <Filter Include="소스 파일\BattlePhase">
      <UniqueIdentifier>{d72ab168-a7f2-489c-8f5f-541c6b8abeb1}</UniqueIdentifier>
    </Filter>
    <Filter Include="헤더 파일\BattlePhase">
      <UniqueIdentifier>{247c308b-64da-4c62-be92-17b75b2163c3}</UniqueIdentifier>
    </Filter>
    <Filter Include="소스 파일\Item">
      <UniqueIdentifier>{106b1980-3c36-407a-8d19-d12170156258}</UniqueIdentifier>
    </Filter>
    <Filter Include="헤더 파일\Item">
      <UniqueIdentifier>{8917743f-40dd-4753-a850-c369eb8d9292}</UniqueIdentifier>
    </Filter>
    <Filter Include="소스 파일\Inventory">
      <UniqueIdentifier>{6d3f2bcc-2b94-442f-9ae4-5f1ac9e75634}</UniqueIdentifier>
    </Filter>
    <Filter Include="헤더 파일\Inventory">
      <UniqueIdentifier>{52277024-1793-4d81-b1f0-358649d93b40}</UniqueIdentifier>
    </Filter>
    <Filter Include="소스 파일\Player">
      <UniqueIdentifier>{1fdb4c8f-a43a-498a-9537-e3f2421cc781}</UniqueIdentifier>
    </Filter>
    <Filter Include="헤더 파일\Player">
      <UniqueIdentifier>{30ec674f-09b7-4339-bd0d-8b933a40ea2b}</UniqueIdentifier>
    </Filter>
  </ItemGroup>
  <ItemGroup>
    <ClCompile Include="BattleManager.cpp">
      <Filter>소스 파일\BattlePhase</Filter>
    </ClCompile>
    <ClCompile Include="EnemyPool.cpp">
      <Filter>소스 파일\BattlePhase</Filter>
    </ClCompile>
    <ClCompile Include="Item.cpp">
      <Filter>소스 파일\Item</Filter>
    </ClCompile>
    <ClCompile Include="ItemUseHandler.cpp">
      <Filter>소스 파일\Item</Filter>
    </ClCompile>
    <ClCompile Include="Inventory.cpp">
      <Filter>소스 파일\Inventory</Filter>
    </ClCompile>
    <ClCompile Include="InventorySlot.cpp">
      <Filter>소스 파일\Inventory</Filter>
    </ClCompile>
    <ClCompile Include="Player.cpp">
      <Filter>소스 파일\Player</Filter>
    </ClCompile>
  </ItemGroup>
  <ItemGroup>
    <ClInclude Include="BattleManager.h">
      <Filter>헤더 파일\BattlePhase</Filter>
    </ClInclude>
    <ClInclude Include="EnemyPool.h">
      <Filter>헤더 파일\BattlePhase</Filter>
    </ClInclude>
    <ClInclude Include="Item.h">
      <Filter>헤더 파일\Item</Filter>
    </ClInclude>
    <ClInclude Include="ItemUseHandler.h">
      <Filter>헤더 파일\Item</Filter>
    </ClInclude>
    <ClInclude Include="InventorySlot.h">
      <Filter>헤더 파일\Inventory</Filter>
    </ClInclude>
    <ClInclude Include="Inventory.h">
      <Filter>헤더 파일\Inventory</Filter>
    </ClInclude>
    <ClInclude Include="Player.h">
      <Filter>헤더 파일\Player</Filter>
    </ClInclude>
  </ItemGroup>
</Project>